
Microsoft Visual Studio Solution File, Format Version 12.00
# Visual Studio Version 16
VisualStudioVersion = 16.0.29009.5
MinimumVisualStudioVersion = 10.0.40219.1
Project("{FAE04EC0-301F-11D3-BF4B-00C04F79EFBC}") = "HealthAndBeauty-Seven", "HealthAndBeauty-Seven\HealthAndBeauty-Seven.csproj", "{DC6845AF-0F0C-4D34-A74E-B3B9C56B866E}"
EndProject
Global
	GlobalSection(SolutionConfigurationPlatforms) = preSolution
		Debug|Any CPU = Debug|Any CPU
		Release|Any CPU = Release|Any CPU
	EndGlobalSection
	GlobalSection(ProjectConfigurationPlatforms) = postSolution
		{DC6845AF-0F0C-4D34-A74E-B3B9C56B866E}.Debug|Any CPU.ActiveCfg = Debug|Any CPU
		{DC6845AF-0F0C-4D34-A74E-B3B9C56B866E}.Debug|Any CPU.Build.0 = Debug|Any CPU
		{DC6845AF-0F0C-4D34-A74E-B3B9C56B866E}.Release|Any CPU.ActiveCfg = Release|Any CPU
		{DC6845AF-0F0C-4D34-A74E-B3B9C56B866E}.Release|Any CPU.Build.0 = Release|Any CPU
	EndGlobalSection
	GlobalSection(SolutionProperties) = preSolution
		HideSolutionNode = FALSE
	EndGlobalSection
	GlobalSection(ExtensibilityGlobals) = postSolution
		SolutionGuid = {69F7F14F-FCC7-4402-BA8B-DF5ECA3E474C}
	EndGlobalSection
EndGlobal
